
Microsoft Visual Studio Solution File, Format Version 12.00
# Visual Studio Version 17
VisualStudioVersion = 17.0.32014.148
MinimumVisualStudioVersion = 10.0.40219.1
Project("{FAE04EC0-301F-11D3-BF4B-00C04F79EFBC}") = "YSA_BeyzaUzungel", "YSA_BeyzaUzungel\YSA_BeyzaUzungel.csproj", "{BEBCD974-A17F-422B-99AB-32B019385130}"
EndProject
Global
	GlobalSection(SolutionConfigurationPlatforms) = preSolution
		Debug|Any CPU = Debug|Any CPU
		Release|Any CPU = Release|Any CPU
	EndGlobalSection
	GlobalSection(ProjectConfigurationPlatforms) = postSolution
		{BEBCD974-A17F-422B-99AB-32B019385130}.Debug|Any CPU.ActiveCfg = Debug|Any CPU
		{BEBCD974-A17F-422B-99AB-32B019385130}.Debug|Any CPU.Build.0 = Debug|Any CPU
		{BEBCD974-A17F-422B-99AB-32B019385130}.Release|Any CPU.ActiveCfg = Release|Any CPU
		{BEBCD974-A17F-422B-99AB-32B019385130}.Release|Any CPU.Build.0 = Release|Any CPU
	EndGlobalSection
	GlobalSection(SolutionProperties) = preSolution
		HideSolutionNode = FALSE
	EndGlobalSection
	GlobalSection(ExtensibilityGlobals) = postSolution
		SolutionGuid = {A0F9E7EC-E8D0-479C-8A11-141508404EAE}
	EndGlobalSection
EndGlobal
